<?xml version="1.0" encoding="utf-8"?>
<Project ToolsVersion="4.0" xmlns="http://schemas.microsoft.com/developer/msbuild/2003">
  <ItemGroup>
    <Filter Include="Source Files">
      <UniqueIdentifier>{b3450d5e-7652-4dcb-bba9-014a074aaaa8}</UniqueIdentifier>
      <Extensions>cpp;c;cxx;rc;def;r;odl;idl;hpj;bat</Extensions>
    </Filter>
    <Filter Include="Header Files">
      <UniqueIdentifier>{f7534dac-af9b-4b20-8eef-92a533f1a79f}</UniqueIdentifier>
      <Extensions>h;hpp;hxx;hm;inl</Extensions>
    </Filter>
    <Filter Include="Header Files\Characters">
      <UniqueIdentifier>{f38f1fc8-2d13-48c4-b637-272b315a9360}</UniqueIdentifier>
    </Filter>
    <Filter Include="Header Files\Battles">
      <UniqueIdentifier>{03c082ef-c035-4612-bc16-8f04b22bdf53}</UniqueIdentifier>
    </Filter>
    <Filter Include="Header Files\Monsters">
      <UniqueIdentifier>{c00283f7-e7bd-48f1-961e-00f2b994b6fd}</UniqueIdentifier>
    </Filter>
    <Filter Include="Header Files\Spells">
      <UniqueIdentifier>{295b0e84-ae72-41cd-afdf-852cf359fa0e}</UniqueIdentifier>
    </Filter>
    <Filter Include="Header Files\Items">
      <UniqueIdentifier>{bf40218a-3391-4083-88a6-ceeb50ac06a0}</UniqueIdentifier>
    </Filter>
    <Filter Include="Header Files\Font">
      <UniqueIdentifier>{8eb9335a-fbcd-4100-98c6-5ab8856a7daa}</UniqueIdentifier>
    </Filter>
    <Filter Include="Header Files\Shops">
      <UniqueIdentifier>{94c9c872-7291-4319-b644-233a394c4747}</UniqueIdentifier>
    </Filter>
    <Filter Include="Header Files\Maps">
      <UniqueIdentifier>{32e52b18-7b4a-4898-84e3-9f4ef7fdc917}</UniqueIdentifier>
    </Filter>
    <Filter Include="Header Files\Classes">
      <UniqueIdentifier>{ae383c91-cd9e-457a-8ca8-89459bb0ba1a}</UniqueIdentifier>
    </Filter>
    <Filter Include="Header Files\Tiles">
      <UniqueIdentifier>{e567c986-ae4a-476d-ae26-644e01edb69d}</UniqueIdentifier>
    </Filter>
    <Filter Include="Header Files\Mechanics">
      <UniqueIdentifier>{67a35cf5-02fa-4a00-89e8-6197d393fea1}</UniqueIdentifier>
    </Filter>
    <Filter Include="Header Files\Effects">
      <UniqueIdentifier>{3b9e99ab-0f7c-4248-9b48-708b83a603a6}</UniqueIdentifier>
    </Filter>
    <Filter Include="Header Files\Ranges">
      <UniqueIdentifier>{b02645a6-c272-4986-bd09-b64e8d98bf10}</UniqueIdentifier>
    </Filter>
    <Filter Include="Header Files\Palettes">
      <UniqueIdentifier>{7fe33c7c-6750-40ce-b342-682c8fa46999}</UniqueIdentifier>
    </Filter>
    <Filter Include="Header Files\Expand">
      <UniqueIdentifier>{b4f52fe7-5c45-401c-9467-083c1b8db95a}</UniqueIdentifier>
    </Filter>
    <Filter Include="Header Files\Text">
      <UniqueIdentifier>{ba67bce3-09ba-4e74-ac8f-551fbbe057ed}</UniqueIdentifier>
    </Filter>
    <Filter Include="Header Files\Compression">
      <UniqueIdentifier>{05b19387-4a1a-45cf-96fd-ce0e5329f45f}</UniqueIdentifier>
    </Filter>
    <Filter Include="Header Files\Graphics">
      <UniqueIdentifier>{97da9e86-304d-4914-9489-3088787e1b9c}</UniqueIdentifier>
    </Filter>
    <Filter Include="Header Files\Animation">
      <UniqueIdentifier>{93d29944-fb07-4950-bd2e-a80ec8c4df48}</UniqueIdentifier>
    </Filter>
    <Filter Include="Header Files\Dialog">
      <UniqueIdentifier>{a44b9e8e-1be9-43b4-a78a-7219a16d4024}</UniqueIdentifier>
    </Filter>
    <Filter Include="Header Files\Battle End">
      <UniqueIdentifier>{937ab946-c50c-42ef-a87f-69d37aa24e02}</UniqueIdentifier>
    </Filter>
    <Filter Include="Header Files\Randomizer">
      <UniqueIdentifier>{17afba0e-4a91-4685-8e61-cc33e671b967}</UniqueIdentifier>
    </Filter>
    <Filter Include="Resource Files">
      <UniqueIdentifier>{218845bb-71d3-49ff-847c-e815addc88f7}</UniqueIdentifier>
      <Extensions>rc</Extensions>
    </Filter>
    <Filter Include="Resources">
      <UniqueIdentifier>{d1814f6a-ae3b-467a-b5f2-b8791e33df83}</UniqueIdentifier>
      <Extensions>ico;cur;bmp;dlg;rc2;rct;bin;rgs;gif;jpg;jpeg;jpe</Extensions>
    </Filter>
  </ItemGroup>
  <ItemGroup>
    <ClCompile Include="SF1Edit.cpp">
      <Filter>Source Files</Filter>
    </ClCompile>
    <ClCompile Include="StdAfx.cpp">
      <Filter>Resources</Filter>
    </ClCompile>
  </ItemGroup>
  <ItemGroup>
    <ClInclude Include="LinkedList.h">
      <Filter>Header Files</Filter>
    </ClInclude>
    <ClInclude Include="CharChar1.h">
      <Filter>Header Files\Characters</Filter>
    </ClInclude>
    <ClInclude Include="CharChar2.h">
      <Filter>Header Files\Characters</Filter>
    </ClInclude>
    <ClInclude Include="CharClick1.h">
      <Filter>Header Files\Characters</Filter>
    </ClInclude>
    <ClInclude Include="CharClick2.h">
      <Filter>Header Files\Characters</Filter>
    </ClInclude>
    <ClInclude Include="CharKeyDown.h">
      <Filter>Header Files\Characters</Filter>
    </ClInclude>
    <ClInclude Include="CharMove.h">
      <Filter>Header Files\Characters</Filter>
    </ClInclude>
    <ClInclude Include="CharPaint1.h">
      <Filter>Header Files\Characters</Filter>
    </ClInclude>
    <ClInclude Include="CharPaint2.h">
      <Filter>Header Files\Characters</Filter>
    </ClInclude>
    <ClInclude Include="LoadChar.h">
      <Filter>Header Files\Characters</Filter>
    </ClInclude>
    <ClInclude Include="SaveChar.h">
      <Filter>Header Files\Characters</Filter>
    </ClInclude>
    <ClInclude Include="BattleChar.h">
      <Filter>Header Files\Battles</Filter>
    </ClInclude>
    <ClInclude Include="BattleClick.h">
      <Filter>Header Files\Battles</Filter>
    </ClInclude>
    <ClInclude Include="BattleKeyDown.h">
      <Filter>Header Files\Battles</Filter>
    </ClInclude>
    <ClInclude Include="BattleMClick.h">
      <Filter>Header Files\Battles</Filter>
    </ClInclude>
    <ClInclude Include="BattleMove.h">
      <Filter>Header Files\Battles</Filter>
    </ClInclude>
    <ClInclude Include="BattleMRelease.h">
      <Filter>Header Files\Battles</Filter>
    </ClInclude>
    <ClInclude Include="BattlePaint.h">
      <Filter>Header Files\Battles</Filter>
    </ClInclude>
    <ClInclude Include="BattleRClick.h">
      <Filter>Header Files\Battles</Filter>
    </ClInclude>
    <ClInclude Include="LoadBattle.h">
      <Filter>Header Files\Battles</Filter>
    </ClInclude>
    <ClInclude Include="SaveBattle.h">
      <Filter>Header Files\Battles</Filter>
    </ClInclude>
    <ClInclude Include="LoadMonster.h">
      <Filter>Header Files\Monsters</Filter>
    </ClInclude>
    <ClInclude Include="MonsterChar.h">
      <Filter>Header Files\Monsters</Filter>
    </ClInclude>
    <ClInclude Include="MonsterClick.h">
      <Filter>Header Files\Monsters</Filter>
    </ClInclude>
    <ClInclude Include="MonsterKeyDown.h">
      <Filter>Header Files\Monsters</Filter>
    </ClInclude>
    <ClInclude Include="MonsterPaint.h">
      <Filter>Header Files\Monsters</Filter>
    </ClInclude>
    <ClInclude Include="SaveMonster.h">
      <Filter>Header Files\Monsters</Filter>
    </ClInclude>
    <ClInclude Include="LoadSpell.h">
      <Filter>Header Files\Spells</Filter>
    </ClInclude>
    <ClInclude Include="SaveSpell.h">
      <Filter>Header Files\Spells</Filter>
    </ClInclude>
    <ClInclude Include="SpellChar.h">
      <Filter>Header Files\Spells</Filter>
    </ClInclude>
    <ClInclude Include="SpellClick.h">
      <Filter>Header Files\Spells</Filter>
    </ClInclude>
    <ClInclude Include="SpellKeyDown.h">
      <Filter>Header Files\Spells</Filter>
    </ClInclude>
    <ClInclude Include="SpellMove.h">
      <Filter>Header Files\Spells</Filter>
    </ClInclude>
    <ClInclude Include="SpellPaint.h">
      <Filter>Header Files\Spells</Filter>
    </ClInclude>
    <ClInclude Include="ItemChar.h">
      <Filter>Header Files\Items</Filter>
    </ClInclude>
    <ClInclude Include="ItemClick.h">
      <Filter>Header Files\Items</Filter>
    </ClInclude>
    <ClInclude Include="ItemKeyDown.h">
      <Filter>Header Files\Items</Filter>
    </ClInclude>
    <ClInclude Include="ItemMove.h">
      <Filter>Header Files\Items</Filter>
    </ClInclude>
    <ClInclude Include="ItemPaint.h">
      <Filter>Header Files\Items</Filter>
    </ClInclude>
    <ClInclude Include="ItemRClick.h">
      <Filter>Header Files\Items</Filter>
    </ClInclude>
    <ClInclude Include="LoadItem.h">
      <Filter>Header Files\Items</Filter>
    </ClInclude>
    <ClInclude Include="SaveItem.h">
      <Filter>Header Files\Items</Filter>
    </ClInclude>
    <ClInclude Include="FontClick.h">
      <Filter>Header Files\Font</Filter>
    </ClInclude>
    <ClInclude Include="FontKeyDown.h">
      <Filter>Header Files\Font</Filter>
    </ClInclude>
    <ClInclude Include="FontMove.h">
      <Filter>Header Files\Font</Filter>
    </ClInclude>
    <ClInclude Include="FontPaint.h">
      <Filter>Header Files\Font</Filter>
    </ClInclude>
    <ClInclude Include="LoadFont.h">
      <Filter>Header Files\Font</Filter>
    </ClInclude>
    <ClInclude Include="SaveFont.h">
      <Filter>Header Files\Font</Filter>
    </ClInclude>
    <ClInclude Include="LoadShop.h">
      <Filter>Header Files\Shops</Filter>
    </ClInclude>
    <ClInclude Include="SaveShop.h">
      <Filter>Header Files\Shops</Filter>
    </ClInclude>
    <ClInclude Include="ShopChar.h">
      <Filter>Header Files\Shops</Filter>
    </ClInclude>
    <ClInclude Include="ShopClick.h">
      <Filter>Header Files\Shops</Filter>
    </ClInclude>
    <ClInclude Include="ShopKeyDown.h">
      <Filter>Header Files\Shops</Filter>
    </ClInclude>
    <ClInclude Include="ShopPaint.h">
      <Filter>Header Files\Shops</Filter>
    </ClInclude>
    <ClInclude Include="LoadMap.h">
      <Filter>Header Files\Maps</Filter>
    </ClInclude>
    <ClInclude Include="MapChar.h">
      <Filter>Header Files\Maps</Filter>
    </ClInclude>
    <ClInclude Include="MapClick.h">
      <Filter>Header Files\Maps</Filter>
    </ClInclude>
    <ClInclude Include="MapClickFunc.h">
      <Filter>Header Files\Maps</Filter>
    </ClInclude>
    <ClInclude Include="MapKeyDown.h">
      <Filter>Header Files\Maps</Filter>
    </ClInclude>
    <ClInclude Include="MapMClick.h">
      <Filter>Header Files\Maps</Filter>
    </ClInclude>
    <ClInclude Include="MapMove.h">
      <Filter>Header Files\Maps</Filter>
    </ClInclude>
    <ClInclude Include="MapMRelease.h">
      <Filter>Header Files\Maps</Filter>
    </ClInclude>
    <ClInclude Include="MapPaint.h">
      <Filter>Header Files\Maps</Filter>
    </ClInclude>
    <ClInclude Include="MapRClick.h">
      <Filter>Header Files\Maps</Filter>
    </ClInclude>
    <ClInclude Include="SaveMap.h">
      <Filter>Header Files\Maps</Filter>
    </ClInclude>
    <ClInclude Include="ClassChar.h">
      <Filter>Header Files\Classes</Filter>
    </ClInclude>
    <ClInclude Include="ClassClick.h">
      <Filter>Header Files\Classes</Filter>
    </ClInclude>
    <ClInclude Include="ClassKeyDown.h">
      <Filter>Header Files\Classes</Filter>
    </ClInclude>
    <ClInclude Include="ClassPaint.h">
      <Filter>Header Files\Classes</Filter>
    </ClInclude>
    <ClInclude Include="LoadClass.h">
      <Filter>Header Files\Classes</Filter>
    </ClInclude>
    <ClInclude Include="SaveClass.h">
      <Filter>Header Files\Classes</Filter>
    </ClInclude>
    <ClInclude Include="LoadTile.h">
      <Filter>Header Files\Tiles</Filter>
    </ClInclude>
    <ClInclude Include="SaveTile.h">
      <Filter>Header Files\Tiles</Filter>
    </ClInclude>
    <ClInclude Include="TileChar.h">
      <Filter>Header Files\Tiles</Filter>
    </ClInclude>
    <ClInclude Include="TileClick.h">
      <Filter>Header Files\Tiles</Filter>
    </ClInclude>
    <ClInclude Include="TileKeyDown.h">
      <Filter>Header Files\Tiles</Filter>
    </ClInclude>
    <ClInclude Include="TilePaint.h">
      <Filter>Header Files\Tiles</Filter>
    </ClInclude>
    <ClInclude Include="LoadMech.h">
      <Filter>Header Files\Mechanics</Filter>
    </ClInclude>
    <ClInclude Include="MechChar.h">
      <Filter>Header Files\Mechanics</Filter>
    </ClInclude>
    <ClInclude Include="MechClick.h">
      <Filter>Header Files\Mechanics</Filter>
    </ClInclude>
    <ClInclude Include="MechPaint.h">
      <Filter>Header Files\Mechanics</Filter>
    </ClInclude>
    <ClInclude Include="SaveMech.h">
      <Filter>Header Files\Mechanics</Filter>
    </ClInclude>
    <ClInclude Include="EffectChar.h">
      <Filter>Header Files\Effects</Filter>
    </ClInclude>
    <ClInclude Include="EffectClick.h">
      <Filter>Header Files\Effects</Filter>
    </ClInclude>
    <ClInclude Include="EffectKeyDown.h">
      <Filter>Header Files\Effects</Filter>
    </ClInclude>
    <ClInclude Include="EffectPaint.h">
      <Filter>Header Files\Effects</Filter>
    </ClInclude>
    <ClInclude Include="LoadEffect.h">
      <Filter>Header Files\Effects</Filter>
    </ClInclude>
    <ClInclude Include="SaveEffect.h">
      <Filter>Header Files\Effects</Filter>
    </ClInclude>
    <ClInclude Include="LoadRange.h">
      <Filter>Header Files\Ranges</Filter>
    </ClInclude>
    <ClInclude Include="RangeChar.h">
      <Filter>Header Files\Ranges</Filter>
    </ClInclude>
    <ClInclude Include="RangeClick.h">
      <Filter>Header Files\Ranges</Filter>
    </ClInclude>
    <ClInclude Include="RangeKeyDown.h">
      <Filter>Header Files\Ranges</Filter>
    </ClInclude>
    <ClInclude Include="RangePaint.h">
      <Filter>Header Files\Ranges</Filter>
    </ClInclude>
    <ClInclude Include="SaveRange.h">
      <Filter>Header Files\Ranges</Filter>
    </ClInclude>
    <ClInclude Include="LoadPalettes.h">
      <Filter>Header Files\Palettes</Filter>
    </ClInclude>
    <ClInclude Include="PaletteChar.h">
      <Filter>Header Files\Palettes</Filter>
    </ClInclude>
    <ClInclude Include="PaletteClick.h">
      <Filter>Header Files\Palettes</Filter>
    </ClInclude>
    <ClInclude Include="PalettePaint.h">
      <Filter>Header Files\Palettes</Filter>
    </ClInclude>
    <ClInclude Include="SavePalette.h">
      <Filter>Header Files\Palettes</Filter>
    </ClInclude>
    <ClInclude Include="ExpandClick.h">
      <Filter>Header Files\Expand</Filter>
    </ClInclude>
    <ClInclude Include="ExpandKeyDown.h">
      <Filter>Header Files\Expand</Filter>
    </ClInclude>
    <ClInclude Include="ExpandPaint.h">
      <Filter>Header Files\Expand</Filter>
    </ClInclude>
    <ClInclude Include="LoadText.h">
      <Filter>Header Files\Text</Filter>
    </ClInclude>
    <ClInclude Include="SaveText.h">
      <Filter>Header Files\Text</Filter>
    </ClInclude>
    <ClInclude Include="TextChar.h">
      <Filter>Header Files\Text</Filter>
    </ClInclude>
    <ClInclude Include="TextClick.h">
      <Filter>Header Files\Text</Filter>
    </ClInclude>
    <ClInclude Include="TextKeyDown.h">
      <Filter>Header Files\Text</Filter>
    </ClInclude>
    <ClInclude Include="TextPaint.h">
      <Filter>Header Files\Text</Filter>
    </ClInclude>
    <ClInclude Include="BytePair.h">
      <Filter>Header Files\Compression</Filter>
    </ClInclude>
    <ClInclude Include="OldText.h">
      <Filter>Header Files\Compression</Filter>
    </ClInclude>
    <ClInclude Include="Pixel.h">
      <Filter>Header Files\Compression</Filter>
    </ClInclude>
    <ClInclude Include="SingleBit.h">
      <Filter>Header Files\Compression</Filter>
    </ClInclude>
    <ClInclude Include="UpperLevel.h">
      <Filter>Header Files\Compression</Filter>
    </ClInclude>
    <ClInclude Include="GFXChar.h">
      <Filter>Header Files\Graphics</Filter>
    </ClInclude>
    <ClInclude Include="GFXClick.h">
      <Filter>Header Files\Graphics</Filter>
    </ClInclude>
    <ClInclude Include="GFXMove.h">
      <Filter>Header Files\Graphics</Filter>
    </ClInclude>
    <ClInclude Include="GFXPaint.h">
      <Filter>Header Files\Graphics</Filter>
    </ClInclude>
    <ClInclude Include="GFXRClick.h">
      <Filter>Header Files\Graphics</Filter>
    </ClInclude>
    <ClInclude Include="LoadGFX.h">
      <Filter>Header Files\Graphics</Filter>
    </ClInclude>
    <ClInclude Include="SaveGFX.h">
      <Filter>Header Files\Graphics</Filter>
    </ClInclude>
    <ClInclude Include="AnimChar.h">
      <Filter>Header Files\Animation</Filter>
    </ClInclude>
    <ClInclude Include="AnimClick.h">
      <Filter>Header Files\Animation</Filter>
    </ClInclude>
    <ClInclude Include="AnimPaint.h">
      <Filter>Header Files\Animation</Filter>
    </ClInclude>
    <ClInclude Include="LoadAnim.h">
      <Filter>Header Files\Animation</Filter>
    </ClInclude>
    <ClInclude Include="SaveAnim.h">
      <Filter>Header Files\Animation</Filter>
    </ClInclude>
    <ClInclude Include="DialogChar.h">
      <Filter>Header Files\Dialog</Filter>
    </ClInclude>
    <ClInclude Include="DialogClick.h">
      <Filter>Header Files\Dialog</Filter>
    </ClInclude>
    <ClInclude Include="DialogDClick.h">
      <Filter>Header Files\Dialog</Filter>
    </ClInclude>
    <ClInclude Include="DialogGraph.h">
      <Filter>Header Files\Dialog</Filter>
    </ClInclude>
    <ClInclude Include="DialogGraphNode.h">
      <Filter>Header Files\Dialog</Filter>
    </ClInclude>
    <ClInclude Include="DialogKeyDown.h">
      <Filter>Header Files\Dialog</Filter>
    </ClInclude>
    <ClInclude Include="DialogMove.h">
      <Filter>Header Files\Dialog</Filter>
    </ClInclude>
    <ClInclude Include="DialogPaint.h">
      <Filter>Header Files\Dialog</Filter>
    </ClInclude>
    <ClInclude Include="DialogRClick.h">
      <Filter>Header Files\Dialog</Filter>
    </ClInclude>
    <ClInclude Include="DialogRelease.h">
      <Filter>Header Files\Dialog</Filter>
    </ClInclude>
    <ClInclude Include="LoadDialog.h">
      <Filter>Header Files\Dialog</Filter>
    </ClInclude>
    <ClInclude Include="NodeType.h">
      <Filter>Header Files\Dialog</Filter>
    </ClInclude>
    <ClInclude Include="SaveDialog.h">
      <Filter>Header Files\Dialog</Filter>
    </ClInclude>
    <ClInclude Include="BEChar.h">
      <Filter>Header Files\Battle End</Filter>
    </ClInclude>
    <ClInclude Include="BEClick.h">
      <Filter>Header Files\Battle End</Filter>
    </ClInclude>
    <ClInclude Include="BEGraph.h">
      <Filter>Header Files\Battle End</Filter>
    </ClInclude>
    <ClInclude Include="BEGraphNode.h">
      <Filter>Header Files\Battle End</Filter>
    </ClInclude>
    <ClInclude Include="BEKeyDown.h">
      <Filter>Header Files\Battle End</Filter>
    </ClInclude>
    <ClInclude Include="BEMove.h">
      <Filter>Header Files\Battle End</Filter>
    </ClInclude>
    <ClInclude Include="BEPaint.h">
      <Filter>Header Files\Battle End</Filter>
    </ClInclude>
    <ClInclude Include="BERClick.h">
      <Filter>Header Files\Battle End</Filter>
    </ClInclude>
    <ClInclude Include="BERelease.h">
      <Filter>Header Files\Battle End</Filter>
    </ClInclude>
    <ClInclude Include="LoadBattleEnd.h">
      <Filter>Header Files\Battle End</Filter>
    </ClInclude>
    <ClInclude Include="SaveBattleEnd.h">
      <Filter>Header Files\Battle End</Filter>
    </ClInclude>
    <ClInclude Include="Randomizer.h">
      <Filter>Header Files\Randomizer</Filter>
    </ClInclude>
    <ClInclude Include="resource.h">
      <Filter>Resource Files</Filter>
    </ClInclude>
    <ClInclude Include="SF1Edit.h">
      <Filter>Resources</Filter>
    </ClInclude>
    <ClInclude Include="StdAfx.h">
      <Filter>Resources</Filter>
    </ClInclude>
  </ItemGroup>
  <ItemGroup>
    <ResourceCompile Include="SF1Edit.rc">
      <Filter>Resource Files</Filter>
    </ResourceCompile>
  </ItemGroup>
  <ItemGroup>
    <Image Include="Tilesets\1.bmp">
      <Filter>Resources</Filter>
    </Image>
    <Image Include="Tilesets\10.bmp">
      <Filter>Resources</Filter>
    </Image>
    <Image Include="Tilesets\11.bmp">
      <Filter>Resources</Filter>
    </Image>
    <Image Include="Tilesets\12.bmp">
      <Filter>Resources</Filter>
    </Image>
    <Image Include="Tilesets\13.bmp">
      <Filter>Resources</Filter>
    </Image>
    <Image Include="Tilesets\14.bmp">
      <Filter>Resources</Filter>
    </Image>
    <Image Include="Tilesets\15.bmp">
      <Filter>Resources</Filter>
    </Image>
    <Image Include="Tilesets\16.bmp">
      <Filter>Resources</Filter>
    </Image>
    <Image Include="Tilesets\17.bmp">
      <Filter>Resources</Filter>
    </Image>
    <Image Include="Tilesets\18.bmp">
      <Filter>Resources</Filter>
    </Image>
    <Image Include="Tilesets\19.bmp">
      <Filter>Resources</Filter>
    </Image>
    <Image Include="Tilesets\20.bmp">
      <Filter>Resources</Filter>
    </Image>
    <Image Include="Tilesets\21.bmp">
      <Filter>Resources</Filter>
    </Image>
    <Image Include="Tilesets\22.bmp">
      <Filter>Resources</Filter>
    </Image>
    <Image Include="Tilesets\23.bmp">
      <Filter>Resources</Filter>
    </Image>
    <Image Include="Tilesets\24.bmp">
      <Filter>Resources</Filter>
    </Image>
    <Image Include="Tilesets\25.bmp">
      <Filter>Resources</Filter>
    </Image>
    <Image Include="Tilesets\26.bmp">
      <Filter>Resources</Filter>
    </Image>
    <Image Include="Tilesets\27.bmp">
      <Filter>Resources</Filter>
    </Image>
    <Image Include="Tilesets\28.bmp">
      <Filter>Resources</Filter>
    </Image>
    <Image Include="Tilesets\29.bmp">
      <Filter>Resources</Filter>
    </Image>
    <Image Include="Tilesets\3.bmp">
      <Filter>Resources</Filter>
    </Image>
    <Image Include="Tilesets\30.bmp">
      <Filter>Resources</Filter>
    </Image>
    <Image Include="Tilesets\31.bmp">
      <Filter>Resources</Filter>
    </Image>
    <Image Include="Tilesets\32.bmp">
      <Filter>Resources</Filter>
    </Image>
    <Image Include="Tilesets\4.bmp">
      <Filter>Resources</Filter>
    </Image>
    <Image Include="Tilesets\5.bmp">
      <Filter>Resources</Filter>
    </Image>
    <Image Include="Tilesets\6.bmp">
      <Filter>Resources</Filter>
    </Image>
    <Image Include="Tilesets\7.bmp">
      <Filter>Resources</Filter>
    </Image>
    <Image Include="Tilesets\8.bmp">
      <Filter>Resources</Filter>
    </Image>
    <Image Include="Tilesets\9.bmp">
      <Filter>Resources</Filter>
    </Image>
    <Image Include="ANIM.bmp">
      <Filter>Resources</Filter>
    </Image>
    <Image Include="ANIMON.bmp">
      <Filter>Resources</Filter>
    </Image>
    <Image Include="BG.bmp">
      <Filter>Resources</Filter>
    </Image>
    <Image Include="BGON.bmp">
      <Filter>Resources</Filter>
    </Image>
    <Image Include="CHAR.bmp">
      <Filter>Resources</Filter>
    </Image>
    <Image Include="CHARON.bmp">
      <Filter>Resources</Filter>
    </Image>
    <Image Include="CHECKOFF.bmp">
      <Filter>Resources</Filter>
    </Image>
    <Image Include="CLASS.bmp">
      <Filter>Resources</Filter>
    </Image>
    <Image Include="CLASSON.bmp">
      <Filter>Resources</Filter>
    </Image>
    <Image Include="DELETE.bmp">
      <Filter>Resources</Filter>
    </Image>
    <Image Include="DOTS.bmp">
      <Filter>Resources</Filter>
    </Image>
    <Image Include="DOWN.bmp">
      <Filter>Resources</Filter>
    </Image>
    <Image Include="DOWNARROW.bmp">
      <Filter>Resources</Filter>
    </Image>
    <Image Include="EFFECT.bmp">
      <Filter>Resources</Filter>
    </Image>
    <Image Include="EFFECTON.bmp">
      <Filter>Resources</Filter>
    </Image>
    <Image Include="ERASER.bmp">
      <Filter>Resources</Filter>
    </Image>
    <Image Include="GFX.bmp">
      <Filter>Resources</Filter>
    </Image>
    <Image Include="GFXON.bmp">
      <Filter>Resources</Filter>
    </Image>
    <Image Include="Tilesets\icon1.ico">
      <Filter>Resources</Filter>
    </Image>
    <Image Include="LEFT.bmp">
      <Filter>Resources</Filter>
    </Image>
    <Image Include="MAGIC.bmp">
      <Filter>Resources</Filter>
    </Image>
    <Image Include="MAGICON.bmp">
      <Filter>Resources</Filter>
    </Image>
    <Image Include="MAP.bmp">
      <Filter>Resources</Filter>
    </Image>
    <Image Include="MAPON.bmp">
      <Filter>Resources</Filter>
    </Image>
    <Image Include="MECH.bmp">
      <Filter>Resources</Filter>
    </Image>
    <Image Include="MECHON.bmp">
      <Filter>Resources</Filter>
    </Image>
    <Image Include="MINUS.bmp">
      <Filter>Resources</Filter>
    </Image>
    <Image Include="NEXT.bmp">
      <Filter>Resources</Filter>
    </Image>
    <Image Include="PALETTE.bmp">
      <Filter>Resources</Filter>
    </Image>
    <Image Include="PALETTEON.bmp">
      <Filter>Resources</Filter>
    </Image>
    <Image Include="PLAT.bmp">
      <Filter>Resources</Filter>
    </Image>
    <Image Include="PLATON.bmp">
      <Filter>Resources</Filter>
    </Image>
    <Image Include="PLUS.bmp">
      <Filter>Resources</Filter>
    </Image>
    <Image Include="PORTRAIT.bmp">
      <Filter>Resources</Filter>
    </Image>
    <Image Include="PORTRAITON.bmp">
      <Filter>Resources</Filter>
    </Image>
    <Image Include="PREV.bmp">
      <Filter>Resources</Filter>
    </Image>
    <Image Include="RANGE.bmp">
      <Filter>Resources</Filter>
    </Image>
    <Image Include="RANGEON.bmp">
      <Filter>Resources</Filter>
    </Image>
    <Image Include="RATE.bmp">
      <Filter>Resources</Filter>
    </Image>
    <Image Include="RATE2.bmp">
      <Filter>Resources</Filter>
    </Image>
    <Image Include="RATE2ON.bmp">
      <Filter>Resources</Filter>
    </Image>
    <Image Include="RATE3.bmp">
      <Filter>Resources</Filter>
    </Image>
    <Image Include="RATE3ON.bmp">
      <Filter>Resources</Filter>
    </Image>
    <Image Include="RATE4.bmp">
      <Filter>Resources</Filter>
    </Image>
    <Image Include="RATE4ON.bmp">
      <Filter>Resources</Filter>
    </Image>
    <Image Include="RATEON.bmp">
      <Filter>Resources</Filter>
    </Image>
    <Image Include="SCRIPT.bmp">
      <Filter>Resources</Filter>
    </Image>
    <Image Include="SCRIPTON.bmp">
      <Filter>Resources</Filter>
    </Image>
    <Image Include="Search.bmp">
      <Filter>Resources</Filter>
    </Image>
    <Image Include="SF1Edit.ico">
      <Filter>Resources</Filter>
    </Image>
    <Image Include="small.ico">
      <Filter>Resources</Filter>
    </Image>
    <Image Include="Special.bmp">
      <Filter>Resources</Filter>
    </Image>
    <Image Include="SPRITE.bmp">
      <Filter>Resources</Filter>
    </Image>
    <Image Include="SPRITEON.bmp">
      <Filter>Resources</Filter>
    </Image>
    <Image Include="TEXT.bmp">
      <Filter>Resources</Filter>
    </Image>
    <Image Include="TEXTON.bmp">
      <Filter>Resources</Filter>
    </Image>
    <Image Include="TILE.bmp">
      <Filter>Resources</Filter>
    </Image>
    <Image Include="TILEON.bmp">
      <Filter>Resources</Filter>
    </Image>
    <Image Include="UPARROW.bmp">
      <Filter>Resources</Filter>
    </Image>
    <Image Include="ZOOM.bmp">
      <Filter>Resources</Filter>
    </Image>
  </ItemGroup>
  <ItemGroup>
    <None Include="Area.bin">
      <Filter>Resources</Filter>
    </None>
    <None Include="Range.bin">
      <Filter>Resources</Filter>
    </None>
  </ItemGroup>
  <ItemGroup>
    <Text Include="ReadMe.txt">
      <Filter>Resources</Filter>
    </Text>
  </ItemGroup>
</Project>